
Microsoft Visual Studio Solution File, Format Version 12.00
# Visual Studio Version 17
VisualStudioVersion = 17.4.33205.214
MinimumVisualStudioVersion = 10.0.40219.1
Project("{FAE04EC0-301F-11D3-BF4B-00C04F79EFBC}") = "09", "09.csproj", "{6C4089E8-FF37-4CA7-BAFC-74988E8F3ADC}"
EndProject
Global
	GlobalSection(SolutionConfigurationPlatforms) = preSolution
		Debug|Any CPU = Debug|Any CPU
		Release|Any CPU = Release|Any CPU
	EndGlobalSection
	GlobalSection(ProjectConfigurationPlatforms) = postSolution
		{6C4089E8-FF37-4CA7-BAFC-74988E8F3ADC}.Debug|Any CPU.ActiveCfg = Debug|Any CPU
		{6C4089E8-FF37-4CA7-BAFC-74988E8F3ADC}.Debug|Any CPU.Build.0 = Debug|Any CPU
		{6C4089E8-FF37-4CA7-BAFC-74988E8F3ADC}.Release|Any CPU.ActiveCfg = Release|Any CPU
		{6C4089E8-FF37-4CA7-BAFC-74988E8F3ADC}.Release|Any CPU.Build.0 = Release|Any CPU
	EndGlobalSection
	GlobalSection(SolutionProperties) = preSolution
		HideSolutionNode = FALSE
	EndGlobalSection
	GlobalSection(ExtensibilityGlobals) = postSolution
		SolutionGuid = {070A4EB4-B467-46E5-8D45-D59701633846}
	EndGlobalSection
EndGlobal
